
Microsoft Visual Studio Solution File, Format Version 12.00
# Visual Studio Version 17
VisualStudioVersion = 17.11.35312.102
MinimumVisualStudioVersion = 10.0.40219.1
Project("{FAE04EC0-301F-11D3-BF4B-00C04F79EFBC}") = "Example01", "Example01\Example01.csproj", "{C2C3812E-383F-45EC-9404-693DC1F8C926}"
EndProject
Global
	GlobalSection(SolutionConfigurationPlatforms) = preSolution
		Debug|Any CPU = Debug|Any CPU
		Release|Any CPU = Release|Any CPU
	EndGlobalSection
	GlobalSection(ProjectConfigurationPlatforms) = postSolution
		{C2C3812E-383F-45EC-9404-693DC1F8C926}.Debug|Any CPU.ActiveCfg = Debug|Any CPU
		{C2C3812E-383F-45EC-9404-693DC1F8C926}.Debug|Any CPU.Build.0 = Debug|Any CPU
		{C2C3812E-383F-45EC-9404-693DC1F8C926}.Release|Any CPU.ActiveCfg = Release|Any CPU
		{C2C3812E-383F-45EC-9404-693DC1F8C926}.Release|Any CPU.Build.0 = Release|Any CPU
	EndGlobalSection
	GlobalSection(SolutionProperties) = preSolution
		HideSolutionNode = FALSE
	EndGlobalSection
	GlobalSection(ExtensibilityGlobals) = postSolution
		SolutionGuid = {201501BE-6367-47C3-89D5-C1BBC19522CF}
	EndGlobalSection
EndGlobal
